// !$*UTF8*$!
{
	archiveVersion = 1;
	classes = {
	};
	objectVersion = 46;
	objects = {

/* Begin PBXBuildFile section */
		231154DF1DD514AB003281FA /* AppDelegate.swift in Sources */ = {isa = PBXBuildFile; fileRef = 231154DE1DD514AB003281FA /* AppDelegate.swift */; };
		231154E11DD514AB003281FA /* ViewController.swift in Sources */ = {isa = PBXBuildFile; fileRef = 231154E01DD514AB003281FA /* ViewController.swift */; };
		231154E41DD514AB003281FA /* Main.storyboard in Resources */ = {isa = PBXBuildFile; fileRef = 231154E21DD514AB003281FA /* Main.storyboard */; };
		231154E61DD514AB003281FA /* Assets.xcassets in Resources */ = {isa = PBXBuildFile; fileRef = 231154E51DD514AB003281FA /* Assets.xcassets */; };
		231154E91DD514AB003281FA /* LaunchScreen.storyboard in Resources */ = {isa = PBXBuildFile; fileRef = 231154E71DD514AB003281FA /* LaunchScreen.storyboard */; };
/* End PBXBuildFile section */

/* Begin PBXFileReference section */
		231154DB1DD514AB003281FA /* SearchEngine.app */ = {isa = PBXFileReference; explicitFileType = wrapper.application; includeInIndex = 0; path = SearchEngine.app; sourceTree = BUILT_PRODUCTS_DIR; };
		231154DE1DD514AB003281FA /* AppDelegate.swift */ = {isa = PBXFileReference; lastKnownFileType = sourcecode.swift; path = AppDelegate.swift; sourceTree = "<group>"; };
		231154E01DD514AB003281FA /* ViewController.swift */ = {isa = PBXFileReference; lastKnownFileType = sourcecode.swift; path = ViewController.swift; sourceTree = "<group>"; };
		231154E31DD514AB003281FA /* Base */ = {isa = PBXFileReference; lastKnownFileType = file.storyboard; name = Base; path = Base.lproj/Main.storyboard; sourceTree = "<group>"; };
		231154E51DD514AB003281FA /* Assets.xcassets */ = {isa = PBXFileReference; lastKnownFileType = folder.assetcatalog; path = Assets.xcassets; sourceTree = "<group>"; };
		231154E81DD514AB003281FA /* Base */ = {isa = PBXFileReference; lastKnownFileType = file.storyboard; name = Base; path = Base.lproj/LaunchScreen.storyboard; sourceTree = "<group>"; };
		231154EA1DD514AB003281FA /* Info.plist */ = {isa = PBXFileReference; lastKnownFileType = text.plist.xml; path = Info.plist; sourceTree = "<group>"; };
/* End PBXFileReference section */

/* Begin PBXFrameworksBuildPhase section */
		231154D81DD514AB003281FA /* Frameworks */ = {
			isa = PBXFrameworksBuildPhase;
			buildActionMask = 2147483647;
			files = (
			);
			runOnlyForDeploymentPostprocessing = 0;
		};
/* End PBXFrameworksBuildPhase section */

/* Begin PBXGroup section */
		231154D21DD514AB003281FA = {
			isa = PBXGroup;
			children = (
				231154DD1DD514AB003281FA /* SearchEngine */,
				231154DC1DD514AB003281FA /* Products */,
			);
			sourceTree = "<group>";
		};
		231154DC1DD514AB003281FA /* Products */ = {
			isa = PBXGroup;
			children = (
				231154DB1DD514AB003281FA /* SearchEngine.app */,
			);
			name = Products;
			sourceTree = "<group>";
		};
		231154DD1DD514AB003281FA /* SearchEngine */ = {
			isa = PBXGroup;
			children = (
				231154DE1DD514AB003281FA /* AppDelegate.swift */,
				231154E01DD514AB003281FA /* ViewController.swift */,
				231154E21DD514AB003281FA /* Main.storyboard */,
				231154E51DD514AB003281FA /* Assets.xcassets */,
				231154E71DD514AB003281FA /* LaunchScreen.storyboard */,
				231154EA1DD514AB003281FA /* Info.plist */,
			);
			path = SearchEngine;
			sourceTree = "<group>";
		};
/* End PBXGroup section */

/* Begin PBXNativeTarget section */
		231154DA1DD514AB003281FA /* SearchEngine */ = {
			isa = PBXNativeTarget;
			buildConfigurationList = 231154ED1DD514AB003281FA /* Build configuration list for PBXNativeTarget "SearchEngine" */;
			buildPhases = (
				231154D71DD514AB003281FA /* Sources */,
				231154D81DD514AB003281FA /* Frameworks */,
				231154D91DD514AB003281FA /* Resources */,
			);
			buildRules = (
			);
			dependencies = (
			);
			name = SearchEngine;
			productName = SearchEngine;
			productReference = 231154DB1DD514AB003281FA /* SearchEngine.app */;
			productType = "com.apple.product-type.application";
		};
/* End PBXNativeTarget section */

/* Begin PBXProject section */
		231154D31DD514AB003281FA /* Project object */ = {
			isa = PBXProject;
			attributes = {
				LastSwiftUpdateCheck = 0810;
				LastUpgradeCheck = 0810;
				ORGANIZATIONNAME = "University of Pittsburgh";
				TargetAttributes = {
					231154DA1DD514AB003281FA = {
						CreatedOnToolsVersion = 8.1;
						DevelopmentTeam = KMHYCH2A7R;
						ProvisioningStyle = Automatic;
					};
				};
			};
			buildConfigurationList = 231154D61DD514AB003281FA /* Build configuration list for PBXProject "SearchEngine" */;
			compatibilityVersion = "Xcode 3.2";
			developmentRegion = English;
			hasScannedForEncodings = 0;
			knownRegions = (
				en,
				Base,
			);
			mainGroup = 231154D21DD514AB003281FA;
			productRefGroup = 231154DC1DD514AB003281FA /* Products */;
			projectDirPath = "";
			projectRoot = "";
			targets = (
				231154DA1DD514AB003281FA /* SearchEngine */,
			);
		};
/* End PBXProject section */

/* Begin PBXResourcesBuildPhase section */
		231154D91DD514AB003281FA /* Resources */ = {
			isa = PBXResourcesBuildPhase;
			buildActionMask = 2147483647;
			files = (
				231154E91DD514AB003281FA /* LaunchScreen.storyboard in Resources */,
				231154E61DD514AB003281FA /* Assets.xcassets in Resources */,
				231154E41DD514AB003281FA /* Main.storyboard in Resources */,
			);
			runOnlyForDeploymentPostprocessing = 0;
		};
/* End PBXResourcesBuildPhase section */

/* Begin PBXSourcesBuildPhase section */
		231154D71DD514AB003281FA /* Sources */ = {
			isa = PBXSourcesBuildPhase;
			buildActionMask = 2147483647;
			files = (
				231154E11DD514AB003281FA /* ViewController.swift in Sources */,
				231154DF1DD514AB003281FA /* AppDelegate.swift in Sources */,
			);
			runOnlyForDeploymentPostprocessing = 0;
		};
/* End PBXSourcesBuildPhase section */

/* Begin PBXVariantGroup section */
		231154E21DD514AB003281FA /* Main.storyboard */ = {
			isa = PBXVariantGroup;
			children = (
				231154E31DD514AB003281FA /* Base */,
			);
			name = Main.storyboard;
			sourceTree = "<group>";
		};
		231154E71DD514AB003281FA /* LaunchScreen.storyboard */ = {
			isa = PBXVariantGroup;
			children = (
				231154E81DD514AB003281FA /* Base */,
			);
			name = LaunchScreen.storyboard;
			sourceTree = "<group>";
		};
/* End PBXVariantGroup section */

/* Begin XCBuildConfiguration section */
		231154EB1DD514AB003281FA /* Debug */ = {
			isa = XCBuildConfiguration;
			buildSettings = {
				ALWAYS_SEARCH_USER_PATHS = NO;
				CLANG_ANALYZER_NONNULL = YES;
				CLANG_CXX_LANGUAGE_STANDARD = "gnu++0x";
				CLANG_CXX_LIBRARY = "libc++";
				CLANG_ENABLE_MODULES = YES;
				CLANG_ENABLE_OBJC_ARC = YES;
				CLANG_WARN_BOOL_CONVERSION = YES;
				CLANG_WARN_CONSTANT_CONVERSION = YES;
				CLANG_WARN_DIRECT_OBJC_ISA_USAGE = YES_ERROR;
				CLANG_WARN_DOCUMENTATION_COMMENTS = YES;
				CLANG_WARN_EMPTY_BODY = YES;
				CLANG_WARN_ENUM_CONVERSION = YES;
				CLANG_WARN_INFINITE_RECURSION = YES;
				CLANG_WARN_INT_CONVERSION = YES;
				CLANG_WARN_OBJC_ROOT_CLASS = YES_ERROR;
				CLANG_WARN_SUSPICIOUS_MOVES = YES;
				CLANG_WARN_UNREACHABLE_CODE = YES;
				CLANG_WARN__DUPLICATE_METHOD_MATCH = YES;
				"CODE_SIGN_IDENTITY[sdk=iphoneos*]" = "iPhone Developer";
				COPY_PHASE_STRIP = NO;
				DEBUG_INFORMATION_FORMAT = dwarf;
				ENABLE_STRICT_OBJC_MSGSEND = YES;
				ENABLE_TESTABILITY = YES;
				GCC_C_LANGUAGE_STANDARD = gnu99;
				GCC_DYNAMIC_NO_PIC = NO;
				GCC_NO_COMMON_BLOCKS = YES;
				GCC_OPTIMIZATION_LEVEL = 0;
				GCC_PREPROCESSOR_DEFINITIONS = (
					"DEBUG=1",
					"$(inherited)",
				);
				GCC_WARN_64_TO_32_BIT_CONVERSION = YES;
				GCC_WARN_ABOUT_RETURN_TYPE = YES_ERROR;
				GCC_WARN_UNDECLARED_SELECTOR = YES;
				GCC_WARN_UNINITIALIZED_AUTOS = YES_AGGRESSIVE;
				GCC_WARN_UNUSED_FUNCTION = YES;
				GCC_WARN_UNUSED_VARIABLE = YES;
				IPHONEOS_DEPLOYMENT_TARGET = 10.1;
				MTL_ENABLE_DEBUG_INFO = YES;
				ONLY_ACTIVE_ARCH = YES;
				SDKROOT = iphoneos;
				SWIFT_ACTIVE_COMPILATION_CONDITIONS = DEBUG;
				SWIFT_OPTIMIZATION_LEVEL = "-Onone";
			};
			name = Debug;
		};
		231154EC1DD514AB003281FA /* Release */ = {
			isa = XCBuildConfiguration;
			buildSettings = {
				ALWAYS_SEARCH_USER_PATHS = NO;
				CLANG_ANALYZER_NONNULL = YES;
				CLANG_CXX_LANGUAGE_STANDARD = "gnu++0x";
				CLANG_CXX_LIBRARY = "libc++";
				CLANG_ENABLE_MODULES = YES;
				CLANG_ENABLE_OBJC_ARC = YES;
				CLANG_WARN_BOOL_CONVERSION = YES;
				CLANG_WARN_CONSTANT_CONVERSION = YES;
				CLANG_WARN_DIRECT_OBJC_ISA_USAGE = YES_ERROR;
				CLANG_WARN_DOCUMENTATION_COMMENTS = YES;
				CLANG_WARN_EMPTY_BODY = YES;
				CLANG_WARN_ENUM_CONVERSION = YES;
				CLANG_WARN_INFINITE_RECURSION = YES;
				CLANG_WARN_INT_CONVERSION = YES;
				CLANG_WARN_OBJC_ROOT_CLASS = YES_ERROR;
				CLANG_WARN_SUSPICIOUS_MOVES = YES;
				CLANG_WARN_UNREACHABLE_CODE = YES;
				CLANG_WARN__DUPLICATE_METHOD_MATCH = YES;
				"CODE_SIGN_IDENTITY[sdk=iphoneos*]" = "iPhone Developer";
				COPY_PHASE_STRIP = NO;
				DEBUG_INFORMATION_FORMAT = "dwarf-with-dsym";
				ENABLE_NS_ASSERTIONS = NO;
				ENABLE_STRICT_OBJC_MSGSEND = YES;
				GCC_C_LANGUAGE_STANDARD = gnu99;
				GCC_NO_COMMON_BLOCKS = YES;
				GCC_WARN_64_TO_32_BIT_CONVERSION = YES;
				GCC_WARN_ABOUT_RETURN_TYPE = YES_ERROR;
				GCC_WARN_UNDECLARED_SELECTOR = YES;
				GCC_WARN_UNINITIALIZED_AUTOS = YES_AGGRESSIVE;
				GCC_WARN_UNUSED_FUNCTION = YES;
				GCC_WARN_UNUSED_VARIABLE = YES;
				IPHONEOS_DEPLOYMENT_TARGET = 10.1;
				MTL_ENABLE_DEBUG_INFO = NO;
				SDKROOT = iphoneos;
				SWIFT_OPTIMIZATION_LEVEL = "-Owholemodule";
				VALIDATE_PRODUCT = YES;
			};
			name = Release;
		};
		231154EE1DD514AB003281FA /* Debug */ = {
			isa = XCBuildConfiguration;
			buildSettings = {
				ASSETCATALOG_COMPILER_APPICON_NAME = AppIcon;
				DEVELOPMENT_TEAM = KMHYCH2A7R;
				INFOPLIST_FILE = SearchEngine/Info.plist;
				LD_RUNPATH_SEARCH_PATHS = "$(inherited) @executable_path/Frameworks";
				PRODUCT_BUNDLE_IDENTIFIER = edu.pitt.JunweiZhuge.SearchEngine;
				PRODUCT_NAME = "$(TARGET_NAME)";
				SWIFT_VERSION = 3.0;
			};
			name = Debug;
		};
		231154EF1DD514AB003281FA /* Release */ = {
			isa = XCBuildConfiguration;
			buildSettings = {
				ASSETCATALOG_COMPILER_APPICON_NAME = AppIcon;
				DEVELOPMENT_TEAM = KMHYCH2A7R;
				INFOPLIST_FILE = SearchEngine/Info.plist;
				LD_RUNPATH_SEARCH_PATHS = "$(inherited) @executable_path/Frameworks";
				PRODUCT_BUNDLE_IDENTIFIER = edu.pitt.JunweiZhuge.SearchEngine;
				PRODUCT_NAME = "$(TARGET_NAME)";
				SWIFT_VERSION = 3.0;
			};
			name = Release;
		};
/* End XCBuildConfiguration section */

/* Begin XCConfigurationList section */
		231154D61DD514AB003281FA /* Build configuration list for PBXProject "SearchEngine" */ = {
			isa = XCConfigurationList;
			buildConfigurations = (
				231154EB1DD514AB003281FA /* Debug */,
				231154EC1DD514AB003281FA /* Release */,
			);
			defaultConfigurationIsVisible = 0;
			defaultConfigurationName = Release;
		};
		231154ED1DD514AB003281FA /* Build configuration list for PBXNativeTarget "SearchEngine" */ = {
			isa = XCConfigurationList;
			buildConfigurations = (
				231154EE1DD514AB003281FA /* Debug */,
				231154EF1DD514AB003281FA /* Release */,
			);
			defaultConfigurationIsVisible = 0;
		};
/* End XCConfigurationList section */
	};
	rootObject = 231154D31DD514AB003281FA /* Project object */;
}
