// !$*UTF8*$!
{
	archiveVersion = 1;
	classes = {
	};
	objectVersion = 46;
	objects = {

/* Begin PBXBuildFile section */
		CA1292781B150DF500303C8D /* RatingControl.swift in Sources */ = {isa = PBXBuildFile; fileRef = CA1292771B150DF500303C8D /* RatingControl.swift */; };
		CA1902E01B10E523000271C4 /* AppDelegate.swift in Sources */ = {isa = PBXBuildFile; fileRef = CA1902DF1B10E523000271C4 /* AppDelegate.swift */; };
		CA1902E21B10E523000271C4 /* MealViewController.swift in Sources */ = {isa = PBXBuildFile; fileRef = CA1902E11B10E523000271C4 /* MealViewController.swift */; };
		CA1902E51B10E523000271C4 /* Main.storyboard in Resources */ = {isa = PBXBuildFile; fileRef = CA1902E31B10E523000271C4 /* Main.storyboard */; };
		CA1902EA1B10E523000271C4 /* LaunchScreen.storyboard in Resources */ = {isa = PBXBuildFile; fileRef = CA1902E81B10E523000271C4 /* LaunchScreen.storyboard */; };
		CA1902F51B10E523000271C4 /* FoodTrackerTests.swift in Sources */ = {isa = PBXBuildFile; fileRef = CA1902F41B10E523000271C4 /* FoodTrackerTests.swift */; };
		CA5D06011B162F2300095F0F /* MealTableViewCell.swift in Sources */ = {isa = PBXBuildFile; fileRef = CA5D06001B162F2300095F0F /* MealTableViewCell.swift */; };
		CA5D06031B162F2300095F0F /* MealTableViewController.swift in Sources */ = {isa = PBXBuildFile; fileRef = CA5D06021B162F2300095F0F /* MealTableViewController.swift */; };
		CA734E351B155077001A6F80 /* Meal.swift in Sources */ = {isa = PBXBuildFile; fileRef = CA734E341B155077001A6F80 /* Meal.swift */; };
		CA734E361B155077001A6F80 /* Meal.swift in Sources */ = {isa = PBXBuildFile; fileRef = CA734E341B155077001A6F80 /* Meal.swift */; };
		CA96F92B1B1144F7000CC7F8 /* Assets.xcassets in Resources */ = {isa = PBXBuildFile; fileRef = CA96F92A1B1144F7000CC7F8 /* Assets.xcassets */; };
/* End PBXBuildFile section */

/* Begin PBXContainerItemProxy section */
		CA1902F11B10E523000271C4 /* PBXContainerItemProxy */ = {
			isa = PBXContainerItemProxy;
			containerPortal = CA1902D41B10E523000271C4 /* Project object */;
			proxyType = 1;
			remoteGlobalIDString = CA1902DB1B10E523000271C4;
			remoteInfo = FoodTracker;
		};
/* End PBXContainerItemProxy section */

/* Begin PBXFileReference section */
		CA1292771B150DF500303C8D /* RatingControl.swift */ = {isa = PBXFileReference; fileEncoding = 4; lastKnownFileType = sourcecode.swift; path = RatingControl.swift; sourceTree = "<group>"; };
		CA1902DC1B10E523000271C4 /* FoodTracker.app */ = {isa = PBXFileReference; explicitFileType = wrapper.application; includeInIndex = 0; path = FoodTracker.app; sourceTree = BUILT_PRODUCTS_DIR; };
		CA1902DF1B10E523000271C4 /* AppDelegate.swift */ = {isa = PBXFileReference; lastKnownFileType = sourcecode.swift; path = AppDelegate.swift; sourceTree = "<group>"; };
		CA1902E11B10E523000271C4 /* MealViewController.swift */ = {isa = PBXFileReference; lastKnownFileType = sourcecode.swift; path = MealViewController.swift; sourceTree = "<group>"; };
		CA1902E41B10E523000271C4 /* Base */ = {isa = PBXFileReference; lastKnownFileType = file.storyboard; name = Base; path = Base.lproj/Main.storyboard; sourceTree = "<group>"; };
		CA1902E91B10E523000271C4 /* Base */ = {isa = PBXFileReference; lastKnownFileType = file.storyboard; name = Base; path = Base.lproj/LaunchScreen.storyboard; sourceTree = "<group>"; };
		CA1902EB1B10E523000271C4 /* Info.plist */ = {isa = PBXFileReference; lastKnownFileType = text.plist.xml; path = Info.plist; sourceTree = "<group>"; };
		CA1902F01B10E523000271C4 /* FoodTrackerTests.xctest */ = {isa = PBXFileReference; explicitFileType = wrapper.cfbundle; includeInIndex = 0; path = FoodTrackerTests.xctest; sourceTree = BUILT_PRODUCTS_DIR; };
		CA1902F41B10E523000271C4 /* FoodTrackerTests.swift */ = {isa = PBXFileReference; lastKnownFileType = sourcecode.swift; path = FoodTrackerTests.swift; sourceTree = "<group>"; };
		CA1902F61B10E523000271C4 /* Info.plist */ = {isa = PBXFileReference; lastKnownFileType = text.plist.xml; path = Info.plist; sourceTree = "<group>"; };
		CA5D06001B162F2300095F0F /* MealTableViewCell.swift */ = {isa = PBXFileReference; fileEncoding = 4; lastKnownFileType = sourcecode.swift; path = MealTableViewCell.swift; sourceTree = "<group>"; };
		CA5D06021B162F2300095F0F /* MealTableViewController.swift */ = {isa = PBXFileReference; fileEncoding = 4; lastKnownFileType = sourcecode.swift; path = MealTableViewController.swift; sourceTree = "<group>"; };
		CA734E341B155077001A6F80 /* Meal.swift */ = {isa = PBXFileReference; fileEncoding = 4; lastKnownFileType = sourcecode.swift; path = Meal.swift; sourceTree = "<group>"; };
		CA96F92A1B1144F7000CC7F8 /* Assets.xcassets */ = {isa = PBXFileReference; lastKnownFileType = folder.assetcatalog; path = Assets.xcassets; sourceTree = "<group>"; };
/* End PBXFileReference section */

/* Begin PBXFrameworksBuildPhase section */
		CA1902D91B10E523000271C4 /* Frameworks */ = {
			isa = PBXFrameworksBuildPhase;
			buildActionMask = 2147483647;
			files = (
			);
			runOnlyForDeploymentPostprocessing = 0;
		};
		CA1902ED1B10E523000271C4 /* Frameworks */ = {
			isa = PBXFrameworksBuildPhase;
			buildActionMask = 2147483647;
			files = (
			);
			runOnlyForDeploymentPostprocessing = 0;
		};
/* End PBXFrameworksBuildPhase section */

/* Begin PBXGroup section */
		CA1902D31B10E523000271C4 = {
			isa = PBXGroup;
			children = (
				CA1902DE1B10E523000271C4 /* FoodTracker */,
				CA1902F31B10E523000271C4 /* FoodTrackerTests */,
				CA1902DD1B10E523000271C4 /* Products */,
			);
			sourceTree = "<group>";
		};
		CA1902DD1B10E523000271C4 /* Products */ = {
			isa = PBXGroup;
			children = (
				CA1902DC1B10E523000271C4 /* FoodTracker.app */,
				CA1902F01B10E523000271C4 /* FoodTrackerTests.xctest */,
			);
			name = Products;
			sourceTree = "<group>";
		};
		CA1902DE1B10E523000271C4 /* FoodTracker */ = {
			isa = PBXGroup;
			children = (
				CA1902DF1B10E523000271C4 /* AppDelegate.swift */,
				CA1902E11B10E523000271C4 /* MealViewController.swift */,
				CA1292771B150DF500303C8D /* RatingControl.swift */,
				CA734E341B155077001A6F80 /* Meal.swift */,
				CA1902E31B10E523000271C4 /* Main.storyboard */,
				CA5D06021B162F2300095F0F /* MealTableViewController.swift */,
				CA5D06001B162F2300095F0F /* MealTableViewCell.swift */,
				CA96F92A1B1144F7000CC7F8 /* Assets.xcassets */,
				CA1902E81B10E523000271C4 /* LaunchScreen.storyboard */,
				CA1902EB1B10E523000271C4 /* Info.plist */,
			);
			path = FoodTracker;
			sourceTree = "<group>";
		};
		CA1902F31B10E523000271C4 /* FoodTrackerTests */ = {
			isa = PBXGroup;
			children = (
				CA1902F41B10E523000271C4 /* FoodTrackerTests.swift */,
				CA1902F61B10E523000271C4 /* Info.plist */,
			);
			path = FoodTrackerTests;
			sourceTree = "<group>";
		};
/* End PBXGroup section */

/* Begin PBXNativeTarget section */
		CA1902DB1B10E523000271C4 /* FoodTracker */ = {
			isa = PBXNativeTarget;
			buildConfigurationList = CA1902F91B10E523000271C4 /* Build configuration list for PBXNativeTarget "FoodTracker" */;
			buildPhases = (
				CA1902D81B10E523000271C4 /* Sources */,
				CA1902D91B10E523000271C4 /* Frameworks */,
				CA1902DA1B10E523000271C4 /* Resources */,
			);
			buildRules = (
			);
			dependencies = (
			);
			name = FoodTracker;
			productName = FoodTracker;
			productReference = CA1902DC1B10E523000271C4 /* FoodTracker.app */;
			productType = "com.apple.product-type.application";
		};
		CA1902EF1B10E523000271C4 /* FoodTrackerTests */ = {
			isa = PBXNativeTarget;
			buildConfigurationList = CA1902FC1B10E523000271C4 /* Build configuration list for PBXNativeTarget "FoodTrackerTests" */;
			buildPhases = (
				CA1902EC1B10E523000271C4 /* Sources */,
				CA1902ED1B10E523000271C4 /* Frameworks */,
				CA1902EE1B10E523000271C4 /* Resources */,
			);
			buildRules = (
			);
			dependencies = (
				CA1902F21B10E523000271C4 /* PBXTargetDependency */,
			);
			name = FoodTrackerTests;
			productName = FoodTrackerTests;
			productReference = CA1902F01B10E523000271C4 /* FoodTrackerTests.xctest */;
			productType = "com.apple.product-type.bundle.unit-test";
		};
/* End PBXNativeTarget section */

/* Begin PBXProject section */
		CA1902D41B10E523000271C4 /* Project object */ = {
			isa = PBXProject;
			attributes = {
				LastUpgradeCheck = 0800;
				ORGANIZATIONNAME = "Apple Inc.";
				TargetAttributes = {
					CA1902DB1B10E523000271C4 = {
						CreatedOnToolsVersion = 7.0;
						LastSwiftMigration = 0800;
					};
					CA1902EF1B10E523000271C4 = {
						CreatedOnToolsVersion = 7.0;
						LastSwiftMigration = 0800;
						TestTargetID = CA1902DB1B10E523000271C4;
					};
				};
			};
			buildConfigurationList = CA1902D71B10E523000271C4 /* Build configuration list for PBXProject "FoodTracker" */;
			compatibilityVersion = "Xcode 3.2";
			developmentRegion = English;
			hasScannedForEncodings = 0;
			knownRegions = (
				en,
				Base,
			);
			mainGroup = CA1902D31B10E523000271C4;
			productRefGroup = CA1902DD1B10E523000271C4 /* Products */;
			projectDirPath = "";
			projectRoot = "";
			targets = (
				CA1902DB1B10E523000271C4 /* FoodTracker */,
				CA1902EF1B10E523000271C4 /* FoodTrackerTests */,
			);
		};
/* End PBXProject section */

/* Begin PBXResourcesBuildPhase section */
		CA1902DA1B10E523000271C4 /* Resources */ = {
			isa = PBXResourcesBuildPhase;
			buildActionMask = 2147483647;
			files = (
				CA1902EA1B10E523000271C4 /* LaunchScreen.storyboard in Resources */,
				CA96F92B1B1144F7000CC7F8 /* Assets.xcassets in Resources */,
				CA1902E51B10E523000271C4 /* Main.storyboard in Resources */,
			);
			runOnlyForDeploymentPostprocessing = 0;
		};
		CA1902EE1B10E523000271C4 /* Resources */ = {
			isa = PBXResourcesBuildPhase;
			buildActionMask = 2147483647;
			files = (
			);
			runOnlyForDeploymentPostprocessing = 0;
		};
/* End PBXResourcesBuildPhase section */

/* Begin PBXSourcesBuildPhase section */
		CA1902D81B10E523000271C4 /* Sources */ = {
			isa = PBXSourcesBuildPhase;
			buildActionMask = 2147483647;
			files = (
				CA734E351B155077001A6F80 /* Meal.swift in Sources */,
				CA1902E21B10E523000271C4 /* MealViewController.swift in Sources */,
				CA1292781B150DF500303C8D /* RatingControl.swift in Sources */,
				CA1902E01B10E523000271C4 /* AppDelegate.swift in Sources */,
				CA5D06031B162F2300095F0F /* MealTableViewController.swift in Sources */,
				CA5D06011B162F2300095F0F /* MealTableViewCell.swift in Sources */,
			);
			runOnlyForDeploymentPostprocessing = 0;
		};
		CA1902EC1B10E523000271C4 /* Sources */ = {
			isa = PBXSourcesBuildPhase;
			buildActionMask = 2147483647;
			files = (
				CA734E361B155077001A6F80 /* Meal.swift in Sources */,
				CA1902F51B10E523000271C4 /* FoodTrackerTests.swift in Sources */,
			);
			runOnlyForDeploymentPostprocessing = 0;
		};
/* End PBXSourcesBuildPhase section */

/* Begin PBXTargetDependency section */
		CA1902F21B10E523000271C4 /* PBXTargetDependency */ = {
			isa = PBXTargetDependency;
			target = CA1902DB1B10E523000271C4 /* FoodTracker */;
			targetProxy = CA1902F11B10E523000271C4 /* PBXContainerItemProxy */;
		};
/* End PBXTargetDependency section */

/* Begin PBXVariantGroup section */
		CA1902E31B10E523000271C4 /* Main.storyboard */ = {
			isa = PBXVariantGroup;
			children = (
				CA1902E41B10E523000271C4 /* Base */,
			);
			name = Main.storyboard;
			sourceTree = "<group>";
		};
		CA1902E81B10E523000271C4 /* LaunchScreen.storyboard */ = {
			isa = PBXVariantGroup;
			children = (
				CA1902E91B10E523000271C4 /* Base */,
			);
			name = LaunchScreen.storyboard;
			sourceTree = "<group>";
		};
/* End PBXVariantGroup section */

/* Begin XCBuildConfiguration section */
		CA1902F71B10E523000271C4 /* Debug */ = {
			isa = XCBuildConfiguration;
			buildSettings = {
				ALWAYS_SEARCH_USER_PATHS = NO;
				CLANG_CXX_LANGUAGE_STANDARD = "gnu++0x";
				CLANG_CXX_LIBRARY = "libc++";
				CLANG_ENABLE_MODULES = YES;
				CLANG_ENABLE_OBJC_ARC = YES;
				CLANG_WARN_BOOL_CONVERSION = YES;
				CLANG_WARN_CONSTANT_CONVERSION = YES;
				CLANG_WARN_DIRECT_OBJC_ISA_USAGE = YES_ERROR;
				CLANG_WARN_EMPTY_BODY = YES;
				CLANG_WARN_ENUM_CONVERSION = YES;
				CLANG_WARN_INFINITE_RECURSION = YES;
				CLANG_WARN_INT_CONVERSION = YES;
				CLANG_WARN_OBJC_ROOT_CLASS = YES_ERROR;
				CLANG_WARN_SUSPICIOUS_MOVE = YES;
				CLANG_WARN_UNREACHABLE_CODE = YES;
				CLANG_WARN__DUPLICATE_METHOD_MATCH = YES;
				"CODE_SIGN_IDENTITY[sdk=iphoneos*]" = "iPhone Developer";
				COPY_PHASE_STRIP = NO;
				DEBUG_INFORMATION_FORMAT = dwarf;
				ENABLE_STRICT_OBJC_MSGSEND = YES;
				ENABLE_TESTABILITY = YES;
				GCC_C_LANGUAGE_STANDARD = gnu99;
				GCC_DYNAMIC_NO_PIC = NO;
				GCC_NO_COMMON_BLOCKS = YES;
				GCC_OPTIMIZATION_LEVEL = 0;
				GCC_PREPROCESSOR_DEFINITIONS = (
					"DEBUG=1",
					"$(inherited)",
				);
				GCC_WARN_64_TO_32_BIT_CONVERSION = YES;
				GCC_WARN_ABOUT_RETURN_TYPE = YES_ERROR;
				GCC_WARN_UNDECLARED_SELECTOR = YES;
				GCC_WARN_UNINITIALIZED_AUTOS = YES_AGGRESSIVE;
				GCC_WARN_UNUSED_FUNCTION = YES;
				GCC_WARN_UNUSED_VARIABLE = YES;
				IPHONEOS_DEPLOYMENT_TARGET = 9.0;
				MTL_ENABLE_DEBUG_INFO = YES;
				ONLY_ACTIVE_ARCH = YES;
				SDKROOT = iphoneos;
				SWIFT_OPTIMIZATION_LEVEL = "-Onone";
				TARGETED_DEVICE_FAMILY = "1,2";
			};
			name = Debug;
		};
		CA1902F81B10E523000271C4 /* Release */ = {
			isa = XCBuildConfiguration;
			buildSettings = {
				ALWAYS_SEARCH_USER_PATHS = NO;
				CLANG_CXX_LANGUAGE_STANDARD = "gnu++0x";
				CLANG_CXX_LIBRARY = "libc++";
				CLANG_ENABLE_MODULES = YES;
				CLANG_ENABLE_OBJC_ARC = YES;
				CLANG_WARN_BOOL_CONVERSION = YES;
				CLANG_WARN_CONSTANT_CONVERSION = YES;
				CLANG_WARN_DIRECT_OBJC_ISA_USAGE = YES_ERROR;
				CLANG_WARN_EMPTY_BODY = YES;
				CLANG_WARN_ENUM_CONVERSION = YES;
				CLANG_WARN_INFINITE_RECURSION = YES;
				CLANG_WARN_INT_CONVERSION = YES;
				CLANG_WARN_OBJC_ROOT_CLASS = YES_ERROR;
				CLANG_WARN_SUSPICIOUS_MOVE = YES;
				CLANG_WARN_UNREACHABLE_CODE = YES;
				CLANG_WARN__DUPLICATE_METHOD_MATCH = YES;
				"CODE_SIGN_IDENTITY[sdk=iphoneos*]" = "iPhone Developer";
				COPY_PHASE_STRIP = NO;
				DEBUG_INFORMATION_FORMAT = "dwarf-with-dsym";
				ENABLE_NS_ASSERTIONS = NO;
				ENABLE_STRICT_OBJC_MSGSEND = YES;
				GCC_C_LANGUAGE_STANDARD = gnu99;
				GCC_NO_COMMON_BLOCKS = YES;
				GCC_WARN_64_TO_32_BIT_CONVERSION = YES;
				GCC_WARN_ABOUT_RETURN_TYPE = YES_ERROR;
				GCC_WARN_UNDECLARED_SELECTOR = YES;
				GCC_WARN_UNINITIALIZED_AUTOS = YES_AGGRESSIVE;
				GCC_WARN_UNUSED_FUNCTION = YES;
				GCC_WARN_UNUSED_VARIABLE = YES;
				IPHONEOS_DEPLOYMENT_TARGET = 9.0;
				MTL_ENABLE_DEBUG_INFO = NO;
				SDKROOT = iphoneos;
				SWIFT_OPTIMIZATION_LEVEL = "-Owholemodule";
				TARGETED_DEVICE_FAMILY = "1,2";
				VALIDATE_PRODUCT = YES;
			};
			name = Release;
		};
		CA1902FA1B10E523000271C4 /* Debug */ = {
			isa = XCBuildConfiguration;
			buildSettings = {
				ASSETCATALOG_COMPILER_APPICON_NAME = AppIcon;
				INFOPLIST_FILE = FoodTracker/Info.plist;
				LD_RUNPATH_SEARCH_PATHS = "$(inherited) @executable_path/Frameworks";
				PRODUCT_BUNDLE_IDENTIFIER = com.example.FoodTracker;
				PRODUCT_NAME = "$(TARGET_NAME)";
				SWIFT_VERSION = 3.0;
			};
			name = Debug;
		};
		CA1902FB1B10E523000271C4 /* Release */ = {
			isa = XCBuildConfiguration;
			buildSettings = {
				ASSETCATALOG_COMPILER_APPICON_NAME = AppIcon;
				INFOPLIST_FILE = FoodTracker/Info.plist;
				LD_RUNPATH_SEARCH_PATHS = "$(inherited) @executable_path/Frameworks";
				PRODUCT_BUNDLE_IDENTIFIER = com.example.FoodTracker;
				PRODUCT_NAME = "$(TARGET_NAME)";
				SWIFT_VERSION = 3.0;
			};
			name = Release;
		};
		CA1902FD1B10E523000271C4 /* Debug */ = {
			isa = XCBuildConfiguration;
			buildSettings = {
				BUNDLE_LOADER = "$(TEST_HOST)";
				INFOPLIST_FILE = FoodTrackerTests/Info.plist;
				LD_RUNPATH_SEARCH_PATHS = "$(inherited) @executable_path/Frameworks @loader_path/Frameworks";
				PRODUCT_BUNDLE_IDENTIFIER = com.example.FoodTrackerTests;
				PRODUCT_NAME = "$(TARGET_NAME)";
				SWIFT_VERSION = 3.0;
				TEST_HOST = "$(BUILT_PRODUCTS_DIR)/FoodTracker.app/FoodTracker";
			};
			name = Debug;
		};
		CA1902FE1B10E523000271C4 /* Release */ = {
			isa = XCBuildConfiguration;
			buildSettings = {
				BUNDLE_LOADER = "$(TEST_HOST)";
				INFOPLIST_FILE = FoodTrackerTests/Info.plist;
				LD_RUNPATH_SEARCH_PATHS = "$(inherited) @executable_path/Frameworks @loader_path/Frameworks";
				PRODUCT_BUNDLE_IDENTIFIER = com.example.FoodTrackerTests;
				PRODUCT_NAME = "$(TARGET_NAME)";
				SWIFT_VERSION = 3.0;
				TEST_HOST = "$(BUILT_PRODUCTS_DIR)/FoodTracker.app/FoodTracker";
			};
			name = Release;
		};
/* End XCBuildConfiguration section */

/* Begin XCConfigurationList section */
		CA1902D71B10E523000271C4 /* Build configuration list for PBXProject "FoodTracker" */ = {
			isa = XCConfigurationList;
			buildConfigurations = (
				CA1902F71B10E523000271C4 /* Debug */,
				CA1902F81B10E523000271C4 /* Release */,
			);
			defaultConfigurationIsVisible = 0;
			defaultConfigurationName = Release;
		};
		CA1902F91B10E523000271C4 /* Build configuration list for PBXNativeTarget "FoodTracker" */ = {
			isa = XCConfigurationList;
			buildConfigurations = (
				CA1902FA1B10E523000271C4 /* Debug */,
				CA1902FB1B10E523000271C4 /* Release */,
			);
			defaultConfigurationIsVisible = 0;
			defaultConfigurationName = Release;
		};
		CA1902FC1B10E523000271C4 /* Build configuration list for PBXNativeTarget "FoodTrackerTests" */ = {
			isa = XCConfigurationList;
			buildConfigurations = (
				CA1902FD1B10E523000271C4 /* Debug */,
				CA1902FE1B10E523000271C4 /* Release */,
			);
			defaultConfigurationIsVisible = 0;
			defaultConfigurationName = Release;
		};
/* End XCConfigurationList section */
	};
	rootObject = CA1902D41B10E523000271C4 /* Project object */;
}
